{
  "name": "hbmm",
  "version": "0.1.1",
  "lockfileVersion": 1,
  "requires": true,
  "dependencies": {
    "coffee-script": {
      "version": "1.7.1",
      "resolved": "http://registry.npm.taobao.org/coffee-script/download/coffee-script-1.7.1.tgz",
      "integrity": "sha1-YplqhheAx15tUGnROCJyO3NAS/w=",
      "requires": {
        "mkdirp": "~0.3.5"
      }
    },
    "commander": {
      "version": "2.19.0",
      "resolved": "http://registry.npm.taobao.org/commander/download/commander-2.19.0.tgz",
      "integrity": "sha1-9hmKqE5bg8RgVLlN3tv+1e6f8So="
    },
    "jistype": {
      "version": "0.0.3",
      "resolved": "http://registry.npm.taobao.org/jistype/download/jistype-0.0.3.tgz",
      "integrity": "sha1-ZWD2AR1KNdWsD/Y9nFbqrv/JXzQ=",
      "requires": {
        "coffee-script": "^1.7.1"
      }
    },
    "mkdirp": {
      "version": "0.3.5",
      "resolved": "http://registry.npm.taobao.org/mkdirp/download/mkdirp-0.3.5.tgz",
      "integrity": "sha1-3j5fiWHIjHh+4TaN+EmsRBPsqNc="
    },
    "node-echo": {
      "version": "0.1.1",
      "resolved": "http://registry.npm.taobao.org/node-echo/download/node-echo-0.1.1.tgz",
      "integrity": "sha1-SeLvGCFPUc2trO4580QAL2doUd4=",
      "requires": {
        "coffee-script": "~1.7.1",
        "jistype": "0.0.3",
        "mkdirp": "~0.3.5"
      }
    }
  }
}
